
Microsoft Visual Studio Solution File, Format Version 11.00
# Visual Studio 2010
Project("{FAE04EC0-301F-11D3-BF4B-00C04F79EFBC}") = "Re-boot", "Assembly-CSharp.csproj", "{6584C817-AF9D-EC23-E531-006780E1A041}"
EndProject
Project("{FAE04EC0-301F-11D3-BF4B-00C04F79EFBC}") = "Re-boot", "Assembly-CSharp-Editor-firstpass.csproj", "{8F031C2C-A9EE-D62A-707C-9D3F6D0A79F1}"
EndProject
Global
	GlobalSection(SolutionConfigurationPlatforms) = preSolution
		Debug|Any CPU = Debug|Any CPU
		Release|Any CPU = Release|Any CPU
	EndGlobalSection
	GlobalSection(ProjectConfigurationPlatforms) = postSolution
		{6584C817-AF9D-EC23-E531-006780E1A041}.Debug|Any CPU.ActiveCfg = Debug|Any CPU
		{6584C817-AF9D-EC23-E531-006780E1A041}.Debug|Any CPU.Build.0 = Debug|Any CPU
		{6584C817-AF9D-EC23-E531-006780E1A041}.Release|Any CPU.ActiveCfg = Release|Any CPU
		{6584C817-AF9D-EC23-E531-006780E1A041}.Release|Any CPU.Build.0 = Release|Any CPU
		{8F031C2C-A9EE-D62A-707C-9D3F6D0A79F1}.Debug|Any CPU.ActiveCfg = Debug|Any CPU
		{8F031C2C-A9EE-D62A-707C-9D3F6D0A79F1}.Debug|Any CPU.Build.0 = Debug|Any CPU
		{8F031C2C-A9EE-D62A-707C-9D3F6D0A79F1}.Release|Any CPU.ActiveCfg = Release|Any CPU
		{8F031C2C-A9EE-D62A-707C-9D3F6D0A79F1}.Release|Any CPU.Build.0 = Release|Any CPU
	EndGlobalSection
	GlobalSection(SolutionProperties) = preSolution
		HideSolutionNode = FALSE
	EndGlobalSection
	GlobalSection(MonoDevelopProperties) = preSolution
		StartupItem = Assembly-CSharp.csproj
	EndGlobalSection
EndGlobal
