
Microsoft Visual Studio Solution File, Format Version 12.00
# Visual Studio 2017
Project("{FAE04EC0-301F-11D3-BF4B-00C04F79EFBC}") = "Re-boot", "Re-boot.csproj", "{CFFE5E28-C13D-33C9-5098-51F2A9A29934}"
EndProject
Project("{FAE04EC0-301F-11D3-BF4B-00C04F79EFBC}") = "Re-boot.Editor.Plugins", "Re-boot.Editor.Plugins.csproj", "{6F08A05E-3E83-D522-C91F-376FCDC1FCFF}"
EndProject
Global
	GlobalSection(SolutionConfigurationPlatforms) = preSolution
		Debug|Any CPU = Debug|Any CPU
		Release|Any CPU = Release|Any CPU
	EndGlobalSection
	GlobalSection(ProjectConfigurationPlatforms) = postSolution
		{CFFE5E28-C13D-33C9-5098-51F2A9A29934}.Debug|Any CPU.ActiveCfg = Debug|Any CPU
		{CFFE5E28-C13D-33C9-5098-51F2A9A29934}.Debug|Any CPU.Build.0 = Debug|Any CPU
		{CFFE5E28-C13D-33C9-5098-51F2A9A29934}.Release|Any CPU.ActiveCfg = Release|Any CPU
		{CFFE5E28-C13D-33C9-5098-51F2A9A29934}.Release|Any CPU.Build.0 = Release|Any CPU
		{6F08A05E-3E83-D522-C91F-376FCDC1FCFF}.Debug|Any CPU.ActiveCfg = Debug|Any CPU
		{6F08A05E-3E83-D522-C91F-376FCDC1FCFF}.Debug|Any CPU.Build.0 = Debug|Any CPU
		{6F08A05E-3E83-D522-C91F-376FCDC1FCFF}.Release|Any CPU.ActiveCfg = Release|Any CPU
		{6F08A05E-3E83-D522-C91F-376FCDC1FCFF}.Release|Any CPU.Build.0 = Release|Any CPU
	EndGlobalSection
	GlobalSection(SolutionProperties) = preSolution
		HideSolutionNode = FALSE
	EndGlobalSection
EndGlobal
